// !$*UTF8*$!
{
	archiveVersion = 1;
	classes = {
	};
	objectVersion = 56;
	objects = {

/* Begin PBXBuildFile section */
		5B11518229FBD4F300130CB0 /* ReusableProtocol.swift in Sources */ = {isa = PBXBuildFile; fileRef = 5B11518129FBD4F200130CB0 /* ReusableProtocol.swift */; };
		5B11518429FBD54200130CB0 /* UIView+.swift in Sources */ = {isa = PBXBuildFile; fileRef = 5B11518329FBD54200130CB0 /* UIView+.swift */; };
		5B11518729FBD67C00130CB0 /* CALayer+.swift in Sources */ = {isa = PBXBuildFile; fileRef = 5B11518629FBD67C00130CB0 /* CALayer+.swift */; };
		5B11518929FBD6E400130CB0 /* NSObject+.swift in Sources */ = {isa = PBXBuildFile; fileRef = 5B11518829FBD6E400130CB0 /* NSObject+.swift */; };
		5B11518B29FBD71700130CB0 /* UIViewController+.swift in Sources */ = {isa = PBXBuildFile; fileRef = 5B11518A29FBD71700130CB0 /* UIViewController+.swift */; };
		5B11518D29FBD75E00130CB0 /* UILabel+.swift in Sources */ = {isa = PBXBuildFile; fileRef = 5B11518C29FBD75E00130CB0 /* UILabel+.swift */; };
		5B11518F29FBD78500130CB0 /* UITextView+.swift in Sources */ = {isa = PBXBuildFile; fileRef = 5B11518E29FBD78500130CB0 /* UITextView+.swift */; };
		5B11519129FBD86500130CB0 /* UIButton+.swift in Sources */ = {isa = PBXBuildFile; fileRef = 5B11519029FBD86500130CB0 /* UIButton+.swift */; };
		5B11519329FBD96B00130CB0 /* Font.swift in Sources */ = {isa = PBXBuildFile; fileRef = 5B11519229FBD96B00130CB0 /* Font.swift */; };
		5B11519529FC285700130CB0 /* Color.swift in Sources */ = {isa = PBXBuildFile; fileRef = 5B11519429FC285700130CB0 /* Color.swift */; };
		5B11519729FE3B3B00130CB0 /* Image.swift in Sources */ = {isa = PBXBuildFile; fileRef = 5B11519629FE3B3B00130CB0 /* Image.swift */; };
		5B11519929FE3C5700130CB0 /* MatrixLiteral.swift in Sources */ = {isa = PBXBuildFile; fileRef = 5B11519829FE3C5700130CB0 /* MatrixLiteral.swift */; };
		5B11519B29FE3CB000130CB0 /* StringLiteral.swift in Sources */ = {isa = PBXBuildFile; fileRef = 5B11519A29FE3CB000130CB0 /* StringLiteral.swift */; };
		5B11519D29FE3DF700130CB0 /* KevinButton.swift in Sources */ = {isa = PBXBuildFile; fileRef = 5B11519C29FE3DF700130CB0 /* KevinButton.swift */; };
		5B11519F29FE3E0600130CB0 /* KevinCardView.swift in Sources */ = {isa = PBXBuildFile; fileRef = 5B11519E29FE3E0600130CB0 /* KevinCardView.swift */; };
		5B16A1E029FAA6F800211E3C /* ViewModelType.swift in Sources */ = {isa = PBXBuildFile; fileRef = 5B16A1DF29FAA6F800211E3C /* ViewModelType.swift */; };
		5B1B5C3C2A10C7610030D407 /* Rx+.swift in Sources */ = {isa = PBXBuildFile; fileRef = 5B1B5C3B2A10C7600030D407 /* Rx+.swift */; };
		5B1B5CD82A13C1060030D407 /* Moya in Frameworks */ = {isa = PBXBuildFile; productRef = 5B1B5CD72A13C1060030D407 /* Moya */; };
		5B1B5CDA2A13C1060030D407 /* RxMoya in Frameworks */ = {isa = PBXBuildFile; productRef = 5B1B5CD92A13C1060030D407 /* RxMoya */; };
		5B1B5CDC2A13E3DF0030D407 /* APIKey.swift in Sources */ = {isa = PBXBuildFile; fileRef = 5B1B5CDB2A13E3DE0030D407 /* APIKey.swift */; };
		5B1B5CDE2A13E3EA0030D407 /* APIEnvironment.swift in Sources */ = {isa = PBXBuildFile; fileRef = 5B1B5CDD2A13E3EA0030D407 /* APIEnvironment.swift */; };
		5B1B5CE32A13E3F40030D407 /* ChatResponseDTO.swift in Sources */ = {isa = PBXBuildFile; fileRef = 5B1B5CDF2A13E3F40030D407 /* ChatResponseDTO.swift */; };
		5B1B5CE42A13E3F40030D407 /* ChatRequestDTO.swift in Sources */ = {isa = PBXBuildFile; fileRef = 5B1B5CE02A13E3F40030D407 /* ChatRequestDTO.swift */; };
		5B1B5CE52A13E3F40030D407 /* NaverRequestDTO.swift in Sources */ = {isa = PBXBuildFile; fileRef = 5B1B5CE12A13E3F40030D407 /* NaverRequestDTO.swift */; };
		5B1B5CE62A13E3F40030D407 /* NaverResponseDTO.swift in Sources */ = {isa = PBXBuildFile; fileRef = 5B1B5CE22A13E3F40030D407 /* NaverResponseDTO.swift */; };
		5B1B5CEA2A13E4010030D407 /* ChatService.swift in Sources */ = {isa = PBXBuildFile; fileRef = 5B1B5CE72A13E4000030D407 /* ChatService.swift */; };
		5B1B5CEB2A13E4010030D407 /* NaverAPI.swift in Sources */ = {isa = PBXBuildFile; fileRef = 5B1B5CE82A13E4000030D407 /* NaverAPI.swift */; };
		5B1B5CEC2A13E4010030D407 /* NaverService.swift in Sources */ = {isa = PBXBuildFile; fileRef = 5B1B5CE92A13E4000030D407 /* NaverService.swift */; };
		5B1B5CEE2A13E4200030D407 /* ChatAPI.swift in Sources */ = {isa = PBXBuildFile; fileRef = 5B1B5CED2A13E4200030D407 /* ChatAPI.swift */; };
		5B1B5CF02A1418160030D407 /* DateFormatter+.swift in Sources */ = {isa = PBXBuildFile; fileRef = 5B1B5CEF2A1418160030D407 /* DateFormatter+.swift */; };
		5B1B5CF22A154F060030D407 /* ResultModel.swift in Sources */ = {isa = PBXBuildFile; fileRef = 5B1B5CF12A154F060030D407 /* ResultModel.swift */; };
		5B82EEE329F96A2E009F8A08 /* AppDelegate.swift in Sources */ = {isa = PBXBuildFile; fileRef = 5B82EEE229F96A2E009F8A08 /* AppDelegate.swift */; };
		5B82EEE529F96A2E009F8A08 /* SceneDelegate.swift in Sources */ = {isa = PBXBuildFile; fileRef = 5B82EEE429F96A2E009F8A08 /* SceneDelegate.swift */; };
		5B82EEEC29F96A32009F8A08 /* Assets.xcassets in Resources */ = {isa = PBXBuildFile; fileRef = 5B82EEEB29F96A32009F8A08 /* Assets.xcassets */; };
		5B82EEEF29F96A32009F8A08 /* LaunchScreen.storyboard in Resources */ = {isa = PBXBuildFile; fileRef = 5B82EEED29F96A32009F8A08 /* LaunchScreen.storyboard */; };
		5B82EEFA29F96A32009F8A08 /* KevinTests.swift in Sources */ = {isa = PBXBuildFile; fileRef = 5B82EEF929F96A32009F8A08 /* KevinTests.swift */; };
		5B82EF0429F96A32009F8A08 /* KevinUITests.swift in Sources */ = {isa = PBXBuildFile; fileRef = 5B82EF0329F96A32009F8A08 /* KevinUITests.swift */; };
		5B82EF0629F96A32009F8A08 /* KevinUITestsLaunchTests.swift in Sources */ = {isa = PBXBuildFile; fileRef = 5B82EF0529F96A32009F8A08 /* KevinUITestsLaunchTests.swift */; };
		5B82EF1729F96B8D009F8A08 /* RxCocoa in Frameworks */ = {isa = PBXBuildFile; productRef = 5B82EF1629F96B8D009F8A08 /* RxCocoa */; };
		5B82EF1929F96B8D009F8A08 /* RxSwift in Frameworks */ = {isa = PBXBuildFile; productRef = 5B82EF1829F96B8D009F8A08 /* RxSwift */; };
		5B82EF1C29F96BB6009F8A08 /* FSCalendar in Frameworks */ = {isa = PBXBuildFile; productRef = 5B82EF1B29F96BB6009F8A08 /* FSCalendar */; };
		5B82EF1F29F96BDB009F8A08 /* SnapKit in Frameworks */ = {isa = PBXBuildFile; productRef = 5B82EF1E29F96BDB009F8A08 /* SnapKit */; };
		5B82EF2229F96BFD009F8A08 /* Then in Frameworks */ = {isa = PBXBuildFile; productRef = 5B82EF2129F96BFD009F8A08 /* Then */; };
		5B943FDD29FFE537003FE7CD /* CalendarCell.swift in Sources */ = {isa = PBXBuildFile; fileRef = 5B943FDC29FFE537003FE7CD /* CalendarCell.swift */; };
		5B943FDF29FFF918003FE7CD /* AnalysisType.swift in Sources */ = {isa = PBXBuildFile; fileRef = 5B943FDE29FFF918003FE7CD /* AnalysisType.swift */; };
		5B943FE129FFFA0A003FE7CD /* KevinImageButton.swift in Sources */ = {isa = PBXBuildFile; fileRef = 5B943FE029FFFA0A003FE7CD /* KevinImageButton.swift */; };
		5B943FE42A007D7F003FE7CD /* ViewType.swift in Sources */ = {isa = PBXBuildFile; fileRef = 5B943FE32A007D7F003FE7CD /* ViewType.swift */; };
		5B943FE62A00F8B2003FE7CD /* UICollectionViewCell+.swift in Sources */ = {isa = PBXBuildFile; fileRef = 5B943FE52A00F8B2003FE7CD /* UICollectionViewCell+.swift */; };
		5BAB2C332A0204C8002DEBDC /* KevinCardSideType.swift in Sources */ = {isa = PBXBuildFile; fileRef = 5BAB2C322A0204C8002DEBDC /* KevinCardSideType.swift */; };
		5BEA1CB729FF8B9E000AD570 /* MainViewController.swift in Sources */ = {isa = PBXBuildFile; fileRef = 5BEA1CB629FF8B9E000AD570 /* MainViewController.swift */; };
		5BEA1CB929FF8BAC000AD570 /* MainViewModel.swift in Sources */ = {isa = PBXBuildFile; fileRef = 5BEA1CB829FF8BAC000AD570 /* MainViewModel.swift */; };
		5BEA1CBB29FF8BE2000AD570 /* WriteViewController.swift in Sources */ = {isa = PBXBuildFile; fileRef = 5BEA1CBA29FF8BE2000AD570 /* WriteViewController.swift */; };
		5BEA1CBD29FF8BF3000AD570 /* AnalysisViewController.swift in Sources */ = {isa = PBXBuildFile; fileRef = 5BEA1CBC29FF8BF3000AD570 /* AnalysisViewController.swift */; };
		5BEA1CBF29FF8BFA000AD570 /* AnalysisViewModel.swift in Sources */ = {isa = PBXBuildFile; fileRef = 5BEA1CBE29FF8BFA000AD570 /* AnalysisViewModel.swift */; };
		5BEA1CC129FF8C01000AD570 /* WriteViewModel.swift in Sources */ = {isa = PBXBuildFile; fileRef = 5BEA1CC029FF8C01000AD570 /* WriteViewModel.swift */; };
		5BEA1CCA29FF8C94000AD570 /* SettingViewController.swift in Sources */ = {isa = PBXBuildFile; fileRef = 5BEA1CC929FF8C94000AD570 /* SettingViewController.swift */; };
		5BEA1CCD29FF9004000AD570 /* Coordinator.swift in Sources */ = {isa = PBXBuildFile; fileRef = 5BEA1CCC29FF9004000AD570 /* Coordinator.swift */; };
		5BEA1CD029FF9075000AD570 /* AppCoordinatorProtocol.swift in Sources */ = {isa = PBXBuildFile; fileRef = 5BEA1CCF29FF9075000AD570 /* AppCoordinatorProtocol.swift */; };
		5BEA1CD229FF90B4000AD570 /* AppCoordinator.swift in Sources */ = {isa = PBXBuildFile; fileRef = 5BEA1CD129FF90B4000AD570 /* AppCoordinator.swift */; };
		5BEA1CD529FF9220000AD570 /* MainCoordinator.swift in Sources */ = {isa = PBXBuildFile; fileRef = 5BEA1CD429FF9220000AD570 /* MainCoordinator.swift */; };
		5BEA1CD829FF92D8000AD570 /* SettingViewModel.swift in Sources */ = {isa = PBXBuildFile; fileRef = 5BEA1CD729FF92D8000AD570 /* SettingViewModel.swift */; };
		5BEA1CDA29FF9347000AD570 /* SettingCoordinator.swift in Sources */ = {isa = PBXBuildFile; fileRef = 5BEA1CD929FF9347000AD570 /* SettingCoordinator.swift */; };
		5BEA1CE229FF971D000AD570 /* DetailViewModel.swift in Sources */ = {isa = PBXBuildFile; fileRef = 5BEA1CE129FF971D000AD570 /* DetailViewModel.swift */; };
		5BEA1CE629FF972C000AD570 /* DetailViewController.swift in Sources */ = {isa = PBXBuildFile; fileRef = 5BEA1CE529FF972C000AD570 /* DetailViewController.swift */; };
		5BEA1CE829FFA117000AD570 /* CoordinatorFinishDelegate.swift in Sources */ = {isa = PBXBuildFile; fileRef = 5BEA1CE729FFA117000AD570 /* CoordinatorFinishDelegate.swift */; };
		5BEA1CEB29FFA46D000AD570 /* MainCoordinatorProtocol.swift in Sources */ = {isa = PBXBuildFile; fileRef = 5BEA1CEA29FFA46D000AD570 /* MainCoordinatorProtocol.swift */; };
		5BEA1CED29FFA48C000AD570 /* SettingCoordinatorProtocol.swift in Sources */ = {isa = PBXBuildFile; fileRef = 5BEA1CEC29FFA48C000AD570 /* SettingCoordinatorProtocol.swift */; };
		5BEA1CF529FFB8F8000AD570 /* KevinNavigationBar.swift in Sources */ = {isa = PBXBuildFile; fileRef = 5BEA1CF429FFB8F8000AD570 /* KevinNavigationBar.swift */; };
		5BEA1CF729FFC0DD000AD570 /* FSCalendar+Rx.swift in Sources */ = {isa = PBXBuildFile; fileRef = 5BEA1CF629FFC0DD000AD570 /* FSCalendar+Rx.swift */; };
/* End PBXBuildFile section */

/* Begin PBXContainerItemProxy section */
		5B82EEF629F96A32009F8A08 /* PBXContainerItemProxy */ = {
			isa = PBXContainerItemProxy;
			containerPortal = 5B82EED729F96A2E009F8A08 /* Project object */;
			proxyType = 1;
			remoteGlobalIDString = 5B82EEDE29F96A2E009F8A08;
			remoteInfo = Kevin;
		};
		5B82EF0029F96A32009F8A08 /* PBXContainerItemProxy */ = {
			isa = PBXContainerItemProxy;
			containerPortal = 5B82EED729F96A2E009F8A08 /* Project object */;
			proxyType = 1;
			remoteGlobalIDString = 5B82EEDE29F96A2E009F8A08;
			remoteInfo = Kevin;
		};
/* End PBXContainerItemProxy section */

/* Begin PBXFileReference section */
		5B11518129FBD4F200130CB0 /* ReusableProtocol.swift */ = {isa = PBXFileReference; lastKnownFileType = sourcecode.swift; path = ReusableProtocol.swift; sourceTree = "<group>"; };
		5B11518329FBD54200130CB0 /* UIView+.swift */ = {isa = PBXFileReference; lastKnownFileType = sourcecode.swift; path = "UIView+.swift"; sourceTree = "<group>"; };
		5B11518629FBD67C00130CB0 /* CALayer+.swift */ = {isa = PBXFileReference; lastKnownFileType = sourcecode.swift; path = "CALayer+.swift"; sourceTree = "<group>"; };
		5B11518829FBD6E400130CB0 /* NSObject+.swift */ = {isa = PBXFileReference; lastKnownFileType = sourcecode.swift; path = "NSObject+.swift"; sourceTree = "<group>"; };
		5B11518A29FBD71700130CB0 /* UIViewController+.swift */ = {isa = PBXFileReference; lastKnownFileType = sourcecode.swift; path = "UIViewController+.swift"; sourceTree = "<group>"; };
		5B11518C29FBD75E00130CB0 /* UILabel+.swift */ = {isa = PBXFileReference; lastKnownFileType = sourcecode.swift; path = "UILabel+.swift"; sourceTree = "<group>"; };
		5B11518E29FBD78500130CB0 /* UITextView+.swift */ = {isa = PBXFileReference; lastKnownFileType = sourcecode.swift; path = "UITextView+.swift"; sourceTree = "<group>"; };
		5B11519029FBD86500130CB0 /* UIButton+.swift */ = {isa = PBXFileReference; lastKnownFileType = sourcecode.swift; path = "UIButton+.swift"; sourceTree = "<group>"; };
		5B11519229FBD96B00130CB0 /* Font.swift */ = {isa = PBXFileReference; lastKnownFileType = sourcecode.swift; path = Font.swift; sourceTree = "<group>"; };
		5B11519429FC285700130CB0 /* Color.swift */ = {isa = PBXFileReference; lastKnownFileType = sourcecode.swift; path = Color.swift; sourceTree = "<group>"; };
		5B11519629FE3B3B00130CB0 /* Image.swift */ = {isa = PBXFileReference; lastKnownFileType = sourcecode.swift; path = Image.swift; sourceTree = "<group>"; };
		5B11519829FE3C5700130CB0 /* MatrixLiteral.swift */ = {isa = PBXFileReference; lastKnownFileType = sourcecode.swift; path = MatrixLiteral.swift; sourceTree = "<group>"; };
		5B11519A29FE3CB000130CB0 /* StringLiteral.swift */ = {isa = PBXFileReference; lastKnownFileType = sourcecode.swift; path = StringLiteral.swift; sourceTree = "<group>"; };
		5B11519C29FE3DF700130CB0 /* KevinButton.swift */ = {isa = PBXFileReference; lastKnownFileType = sourcecode.swift; path = KevinButton.swift; sourceTree = "<group>"; };
		5B11519E29FE3E0600130CB0 /* KevinCardView.swift */ = {isa = PBXFileReference; lastKnownFileType = sourcecode.swift; path = KevinCardView.swift; sourceTree = "<group>"; };
		5B16A1DF29FAA6F800211E3C /* ViewModelType.swift */ = {isa = PBXFileReference; lastKnownFileType = sourcecode.swift; path = ViewModelType.swift; sourceTree = "<group>"; };
		5B1B5C3B2A10C7600030D407 /* Rx+.swift */ = {isa = PBXFileReference; lastKnownFileType = sourcecode.swift; path = "Rx+.swift"; sourceTree = "<group>"; };
		5B1B5CDB2A13E3DE0030D407 /* APIKey.swift */ = {isa = PBXFileReference; fileEncoding = 4; lastKnownFileType = sourcecode.swift; path = APIKey.swift; sourceTree = "<group>"; };
		5B1B5CDD2A13E3EA0030D407 /* APIEnvironment.swift */ = {isa = PBXFileReference; fileEncoding = 4; lastKnownFileType = sourcecode.swift; path = APIEnvironment.swift; sourceTree = "<group>"; };
		5B1B5CDF2A13E3F40030D407 /* ChatResponseDTO.swift */ = {isa = PBXFileReference; fileEncoding = 4; lastKnownFileType = sourcecode.swift; path = ChatResponseDTO.swift; sourceTree = "<group>"; };
		5B1B5CE02A13E3F40030D407 /* ChatRequestDTO.swift */ = {isa = PBXFileReference; fileEncoding = 4; lastKnownFileType = sourcecode.swift; path = ChatRequestDTO.swift; sourceTree = "<group>"; };
		5B1B5CE12A13E3F40030D407 /* NaverRequestDTO.swift */ = {isa = PBXFileReference; fileEncoding = 4; lastKnownFileType = sourcecode.swift; path = NaverRequestDTO.swift; sourceTree = "<group>"; };
		5B1B5CE22A13E3F40030D407 /* NaverResponseDTO.swift */ = {isa = PBXFileReference; fileEncoding = 4; lastKnownFileType = sourcecode.swift; path = NaverResponseDTO.swift; sourceTree = "<group>"; };
		5B1B5CE72A13E4000030D407 /* ChatService.swift */ = {isa = PBXFileReference; fileEncoding = 4; lastKnownFileType = sourcecode.swift; path = ChatService.swift; sourceTree = "<group>"; };
		5B1B5CE82A13E4000030D407 /* NaverAPI.swift */ = {isa = PBXFileReference; fileEncoding = 4; lastKnownFileType = sourcecode.swift; path = NaverAPI.swift; sourceTree = "<group>"; };
		5B1B5CE92A13E4000030D407 /* NaverService.swift */ = {isa = PBXFileReference; fileEncoding = 4; lastKnownFileType = sourcecode.swift; path = NaverService.swift; sourceTree = "<group>"; };
		5B1B5CED2A13E4200030D407 /* ChatAPI.swift */ = {isa = PBXFileReference; fileEncoding = 4; lastKnownFileType = sourcecode.swift; path = ChatAPI.swift; sourceTree = "<group>"; };
		5B1B5CEF2A1418160030D407 /* DateFormatter+.swift */ = {isa = PBXFileReference; lastKnownFileType = sourcecode.swift; path = "DateFormatter+.swift"; sourceTree = "<group>"; };
		5B1B5CF12A154F060030D407 /* ResultModel.swift */ = {isa = PBXFileReference; lastKnownFileType = sourcecode.swift; path = ResultModel.swift; sourceTree = "<group>"; };
		5B82EEDF29F96A2E009F8A08 /* Kevin.app */ = {isa = PBXFileReference; explicitFileType = wrapper.application; includeInIndex = 0; path = Kevin.app; sourceTree = BUILT_PRODUCTS_DIR; };
		5B82EEE229F96A2E009F8A08 /* AppDelegate.swift */ = {isa = PBXFileReference; lastKnownFileType = sourcecode.swift; path = AppDelegate.swift; sourceTree = "<group>"; };
		5B82EEE429F96A2E009F8A08 /* SceneDelegate.swift */ = {isa = PBXFileReference; lastKnownFileType = sourcecode.swift; path = SceneDelegate.swift; sourceTree = "<group>"; };
		5B82EEEB29F96A32009F8A08 /* Assets.xcassets */ = {isa = PBXFileReference; lastKnownFileType = folder.assetcatalog; path = Assets.xcassets; sourceTree = "<group>"; };
		5B82EEEE29F96A32009F8A08 /* Base */ = {isa = PBXFileReference; lastKnownFileType = file.storyboard; name = Base; path = Base.lproj/LaunchScreen.storyboard; sourceTree = "<group>"; };
		5B82EEF029F96A32009F8A08 /* Info.plist */ = {isa = PBXFileReference; lastKnownFileType = text.plist.xml; path = Info.plist; sourceTree = "<group>"; };
		5B82EEF529F96A32009F8A08 /* KevinTests.xctest */ = {isa = PBXFileReference; explicitFileType = wrapper.cfbundle; includeInIndex = 0; path = KevinTests.xctest; sourceTree = BUILT_PRODUCTS_DIR; };
		5B82EEF929F96A32009F8A08 /* KevinTests.swift */ = {isa = PBXFileReference; lastKnownFileType = sourcecode.swift; path = KevinTests.swift; sourceTree = "<group>"; };
		5B82EEFF29F96A32009F8A08 /* KevinUITests.xctest */ = {isa = PBXFileReference; explicitFileType = wrapper.cfbundle; includeInIndex = 0; path = KevinUITests.xctest; sourceTree = BUILT_PRODUCTS_DIR; };
		5B82EF0329F96A32009F8A08 /* KevinUITests.swift */ = {isa = PBXFileReference; lastKnownFileType = sourcecode.swift; path = KevinUITests.swift; sourceTree = "<group>"; };
		5B82EF0529F96A32009F8A08 /* KevinUITestsLaunchTests.swift */ = {isa = PBXFileReference; lastKnownFileType = sourcecode.swift; path = KevinUITestsLaunchTests.swift; sourceTree = "<group>"; };
		5B943FDC29FFE537003FE7CD /* CalendarCell.swift */ = {isa = PBXFileReference; lastKnownFileType = sourcecode.swift; path = CalendarCell.swift; sourceTree = "<group>"; };
		5B943FDE29FFF918003FE7CD /* AnalysisType.swift */ = {isa = PBXFileReference; lastKnownFileType = sourcecode.swift; path = AnalysisType.swift; sourceTree = "<group>"; };
		5B943FE029FFFA0A003FE7CD /* KevinImageButton.swift */ = {isa = PBXFileReference; lastKnownFileType = sourcecode.swift; path = KevinImageButton.swift; sourceTree = "<group>"; };
		5B943FE32A007D7F003FE7CD /* ViewType.swift */ = {isa = PBXFileReference; lastKnownFileType = sourcecode.swift; path = ViewType.swift; sourceTree = "<group>"; };
		5B943FE52A00F8B2003FE7CD /* UICollectionViewCell+.swift */ = {isa = PBXFileReference; lastKnownFileType = sourcecode.swift; path = "UICollectionViewCell+.swift"; sourceTree = "<group>"; };
		5BAB2C322A0204C8002DEBDC /* KevinCardSideType.swift */ = {isa = PBXFileReference; lastKnownFileType = sourcecode.swift; path = KevinCardSideType.swift; sourceTree = "<group>"; };
		5BEA1CB629FF8B9E000AD570 /* MainViewController.swift */ = {isa = PBXFileReference; lastKnownFileType = sourcecode.swift; path = MainViewController.swift; sourceTree = "<group>"; };
		5BEA1CB829FF8BAC000AD570 /* MainViewModel.swift */ = {isa = PBXFileReference; lastKnownFileType = sourcecode.swift; path = MainViewModel.swift; sourceTree = "<group>"; };
		5BEA1CBA29FF8BE2000AD570 /* WriteViewController.swift */ = {isa = PBXFileReference; lastKnownFileType = sourcecode.swift; path = WriteViewController.swift; sourceTree = "<group>"; };
		5BEA1CBC29FF8BF3000AD570 /* AnalysisViewController.swift */ = {isa = PBXFileReference; lastKnownFileType = sourcecode.swift; path = AnalysisViewController.swift; sourceTree = "<group>"; };
		5BEA1CBE29FF8BFA000AD570 /* AnalysisViewModel.swift */ = {isa = PBXFileReference; lastKnownFileType = sourcecode.swift; path = AnalysisViewModel.swift; sourceTree = "<group>"; };
		5BEA1CC029FF8C01000AD570 /* WriteViewModel.swift */ = {isa = PBXFileReference; lastKnownFileType = sourcecode.swift; path = WriteViewModel.swift; sourceTree = "<group>"; };
		5BEA1CC929FF8C94000AD570 /* SettingViewController.swift */ = {isa = PBXFileReference; lastKnownFileType = sourcecode.swift; path = SettingViewController.swift; sourceTree = "<group>"; };
		5BEA1CCC29FF9004000AD570 /* Coordinator.swift */ = {isa = PBXFileReference; lastKnownFileType = sourcecode.swift; path = Coordinator.swift; sourceTree = "<group>"; };
		5BEA1CCF29FF9075000AD570 /* AppCoordinatorProtocol.swift */ = {isa = PBXFileReference; lastKnownFileType = sourcecode.swift; path = AppCoordinatorProtocol.swift; sourceTree = "<group>"; };
		5BEA1CD129FF90B4000AD570 /* AppCoordinator.swift */ = {isa = PBXFileReference; lastKnownFileType = sourcecode.swift; path = AppCoordinator.swift; sourceTree = "<group>"; };
		5BEA1CD429FF9220000AD570 /* MainCoordinator.swift */ = {isa = PBXFileReference; lastKnownFileType = sourcecode.swift; path = MainCoordinator.swift; sourceTree = "<group>"; };
		5BEA1CD729FF92D8000AD570 /* SettingViewModel.swift */ = {isa = PBXFileReference; lastKnownFileType = sourcecode.swift; path = SettingViewModel.swift; sourceTree = "<group>"; };
		5BEA1CD929FF9347000AD570 /* SettingCoordinator.swift */ = {isa = PBXFileReference; lastKnownFileType = sourcecode.swift; path = SettingCoordinator.swift; sourceTree = "<group>"; };
		5BEA1CE129FF971D000AD570 /* DetailViewModel.swift */ = {isa = PBXFileReference; lastKnownFileType = sourcecode.swift; path = DetailViewModel.swift; sourceTree = "<group>"; };
		5BEA1CE529FF972C000AD570 /* DetailViewController.swift */ = {isa = PBXFileReference; lastKnownFileType = sourcecode.swift; path = DetailViewController.swift; sourceTree = "<group>"; };
		5BEA1CE729FFA117000AD570 /* CoordinatorFinishDelegate.swift */ = {isa = PBXFileReference; lastKnownFileType = sourcecode.swift; path = CoordinatorFinishDelegate.swift; sourceTree = "<group>"; };
		5BEA1CEA29FFA46D000AD570 /* MainCoordinatorProtocol.swift */ = {isa = PBXFileReference; lastKnownFileType = sourcecode.swift; path = MainCoordinatorProtocol.swift; sourceTree = "<group>"; };
		5BEA1CEC29FFA48C000AD570 /* SettingCoordinatorProtocol.swift */ = {isa = PBXFileReference; lastKnownFileType = sourcecode.swift; path = SettingCoordinatorProtocol.swift; sourceTree = "<group>"; };
		5BEA1CF429FFB8F8000AD570 /* KevinNavigationBar.swift */ = {isa = PBXFileReference; lastKnownFileType = sourcecode.swift; path = KevinNavigationBar.swift; sourceTree = "<group>"; };
		5BEA1CF629FFC0DD000AD570 /* FSCalendar+Rx.swift */ = {isa = PBXFileReference; lastKnownFileType = sourcecode.swift; path = "FSCalendar+Rx.swift"; sourceTree = "<group>"; };
/* End PBXFileReference section */

/* Begin PBXFrameworksBuildPhase section */
		5B82EEDC29F96A2E009F8A08 /* Frameworks */ = {
			isa = PBXFrameworksBuildPhase;
			buildActionMask = 2147483647;
			files = (
				5B82EF1929F96B8D009F8A08 /* RxSwift in Frameworks */,
				5B82EF2229F96BFD009F8A08 /* Then in Frameworks */,
				5B1B5CD82A13C1060030D407 /* Moya in Frameworks */,
				5B82EF1C29F96BB6009F8A08 /* FSCalendar in Frameworks */,
				5B1B5CDA2A13C1060030D407 /* RxMoya in Frameworks */,
				5B82EF1729F96B8D009F8A08 /* RxCocoa in Frameworks */,
				5B82EF1F29F96BDB009F8A08 /* SnapKit in Frameworks */,
			);
			runOnlyForDeploymentPostprocessing = 0;
		};
		5B82EEF229F96A32009F8A08 /* Frameworks */ = {
			isa = PBXFrameworksBuildPhase;
			buildActionMask = 2147483647;
			files = (
			);
			runOnlyForDeploymentPostprocessing = 0;
		};
		5B82EEFC29F96A32009F8A08 /* Frameworks */ = {
			isa = PBXFrameworksBuildPhase;
			buildActionMask = 2147483647;
			files = (
			);
			runOnlyForDeploymentPostprocessing = 0;
		};
/* End PBXFrameworksBuildPhase section */

/* Begin PBXGroup section */
		5B11518529FBD62D00130CB0 /* Literal */ = {
			isa = PBXGroup;
			children = (
				5B11519829FE3C5700130CB0 /* MatrixLiteral.swift */,
				5B11519A29FE3CB000130CB0 /* StringLiteral.swift */,
			);
			path = Literal;
			sourceTree = "<group>";
		};
		5B1B5CBE2A13BE040030D407 /* Network */ = {
			isa = PBXGroup;
			children = (
				5B1B5CC02A13BEA80030D407 /* Util */,
				5B1B5CBF2A13BEA10030D407 /* DTO */,
				5B1B5CC12A13BEAB0030D407 /* OpenAPI */,
			);
			path = Network;
			sourceTree = "<group>";
		};
		5B1B5CBF2A13BEA10030D407 /* DTO */ = {
			isa = PBXGroup;
			children = (
				5B1B5CF12A154F060030D407 /* ResultModel.swift */,
				5B1B5CE02A13E3F40030D407 /* ChatRequestDTO.swift */,
				5B1B5CDF2A13E3F40030D407 /* ChatResponseDTO.swift */,
				5B1B5CE12A13E3F40030D407 /* NaverRequestDTO.swift */,
				5B1B5CE22A13E3F40030D407 /* NaverResponseDTO.swift */,
			);
			path = DTO;
			sourceTree = "<group>";
		};
		5B1B5CC02A13BEA80030D407 /* Util */ = {
			isa = PBXGroup;
			children = (
				5B1B5CDB2A13E3DE0030D407 /* APIKey.swift */,
				5B1B5CDD2A13E3EA0030D407 /* APIEnvironment.swift */,
			);
			path = Util;
			sourceTree = "<group>";
		};
		5B1B5CC12A13BEAB0030D407 /* OpenAPI */ = {
			isa = PBXGroup;
			children = (
				5B1B5CED2A13E4200030D407 /* ChatAPI.swift */,
				5B1B5CE72A13E4000030D407 /* ChatService.swift */,
				5B1B5CE82A13E4000030D407 /* NaverAPI.swift */,
				5B1B5CE92A13E4000030D407 /* NaverService.swift */,
			);
			path = OpenAPI;
			sourceTree = "<group>";
		};
		5B82EED629F96A2E009F8A08 = {
			isa = PBXGroup;
			children = (
				5B82EEE129F96A2E009F8A08 /* Kevin */,
				5B82EEF829F96A32009F8A08 /* KevinTests */,
				5B82EF0229F96A32009F8A08 /* KevinUITests */,
				5B82EEE029F96A2E009F8A08 /* Products */,
			);
			sourceTree = "<group>";
		};
		5B82EEE029F96A2E009F8A08 /* Products */ = {
			isa = PBXGroup;
			children = (
				5B82EEDF29F96A2E009F8A08 /* Kevin.app */,
				5B82EEF529F96A32009F8A08 /* KevinTests.xctest */,
				5B82EEFF29F96A32009F8A08 /* KevinUITests.xctest */,
			);
			name = Products;
			sourceTree = "<group>";
		};
		5B82EEE129F96A2E009F8A08 /* Kevin */ = {
			isa = PBXGroup;
			children = (
				5B82EF2329F96C1C009F8A08 /* Application */,
				5B82EF2729F96CFB009F8A08 /* Global */,
				5B1B5CBE2A13BE040030D407 /* Network */,
				5B82EF2629F96CF4009F8A08 /* Presentation */,
			);
			path = Kevin;
			sourceTree = "<group>";
		};
		5B82EEF829F96A32009F8A08 /* KevinTests */ = {
			isa = PBXGroup;
			children = (
				5B82EEF929F96A32009F8A08 /* KevinTests.swift */,
			);
			path = KevinTests;
			sourceTree = "<group>";
		};
		5B82EF0229F96A32009F8A08 /* KevinUITests */ = {
			isa = PBXGroup;
			children = (
				5B82EF0329F96A32009F8A08 /* KevinUITests.swift */,
				5B82EF0529F96A32009F8A08 /* KevinUITestsLaunchTests.swift */,
			);
			path = KevinUITests;
			sourceTree = "<group>";
		};
		5B82EF2329F96C1C009F8A08 /* Application */ = {
			isa = PBXGroup;
			children = (
				5B82EEE229F96A2E009F8A08 /* AppDelegate.swift */,
				5B82EEE429F96A2E009F8A08 /* SceneDelegate.swift */,
				5B82EEF029F96A32009F8A08 /* Info.plist */,
			);
			path = Application;
			sourceTree = "<group>";
		};
		5B82EF2629F96CF4009F8A08 /* Presentation */ = {
			isa = PBXGroup;
			children = (
				5BEA1CCE29FF9020000AD570 /* Coordinator */,
				5B82EF2B29F96D4E009F8A08 /* Main */,
				5B82EF2C29F96D54009F8A08 /* Write */,
				5BEA1CDF29FF9705000AD570 /* Detail */,
				5B82EF2D29F96D5C009F8A08 /* Analysis */,
				5BEA1CC229FF8C4C000AD570 /* Setting */,
			);
			path = Presentation;
			sourceTree = "<group>";
		};
		5B82EF2729F96CFB009F8A08 /* Global */ = {
			isa = PBXGroup;
			children = (
				5B943FE22A007D22003FE7CD /* Enum */,
				5B11518529FBD62D00130CB0 /* Literal */,
				5B82EF3329F96D98009F8A08 /* Protocol */,
				5B82EF2929F96D17009F8A08 /* Component */,
				5B82EF2829F96D13009F8A08 /* Extension */,
				5B82EF2A29F96D1F009F8A08 /* Resource */,
			);
			path = Global;
			sourceTree = "<group>";
		};
		5B82EF2829F96D13009F8A08 /* Extension */ = {
			isa = PBXGroup;
			children = (
				5B11518629FBD67C00130CB0 /* CALayer+.swift */,
				5B1B5CEF2A1418160030D407 /* DateFormatter+.swift */,
				5B11518829FBD6E400130CB0 /* NSObject+.swift */,
				5B11519029FBD86500130CB0 /* UIButton+.swift */,
				5B943FE52A00F8B2003FE7CD /* UICollectionViewCell+.swift */,
				5B11518C29FBD75E00130CB0 /* UILabel+.swift */,
				5B11518E29FBD78500130CB0 /* UITextView+.swift */,
				5B11518329FBD54200130CB0 /* UIView+.swift */,
				5B11518A29FBD71700130CB0 /* UIViewController+.swift */,
				5BEA1CF629FFC0DD000AD570 /* FSCalendar+Rx.swift */,
				5B1B5C3B2A10C7600030D407 /* Rx+.swift */,
			);
			path = Extension;
			sourceTree = "<group>";
		};
		5B82EF2929F96D17009F8A08 /* Component */ = {
			isa = PBXGroup;
			children = (
				5B11519E29FE3E0600130CB0 /* KevinCardView.swift */,
				5B11519C29FE3DF700130CB0 /* KevinButton.swift */,
				5B943FE029FFFA0A003FE7CD /* KevinImageButton.swift */,
				5BEA1CF429FFB8F8000AD570 /* KevinNavigationBar.swift */,
			);
			path = Component;
			sourceTree = "<group>";
		};
		5B82EF2A29F96D1F009F8A08 /* Resource */ = {
			isa = PBXGroup;
			children = (
				5B11519429FC285700130CB0 /* Color.swift */,
				5B11519229FBD96B00130CB0 /* Font.swift */,
				5B11519629FE3B3B00130CB0 /* Image.swift */,
				5B82EEED29F96A32009F8A08 /* LaunchScreen.storyboard */,
				5B82EEEB29F96A32009F8A08 /* Assets.xcassets */,
			);
			path = Resource;
			sourceTree = "<group>";
		};
		5B82EF2B29F96D4E009F8A08 /* Main */ = {
			isa = PBXGroup;
			children = (
				5BEA1CC329FF8C53000AD570 /* View */,
				5BEA1CC429FF8C57000AD570 /* ViewModel */,
			);
			path = Main;
			sourceTree = "<group>";
		};
		5B82EF2C29F96D54009F8A08 /* Write */ = {
			isa = PBXGroup;
			children = (
				5BEA1CC629FF8C5E000AD570 /* View */,
				5BEA1CC529FF8C5B000AD570 /* ViewModel */,
			);
			path = Write;
			sourceTree = "<group>";
		};
		5B82EF2D29F96D5C009F8A08 /* Analysis */ = {
			isa = PBXGroup;
			children = (
				5BEA1CC829FF8C63000AD570 /* View */,
				5BEA1CC729FF8C61000AD570 /* ViewModel */,
			);
			path = Analysis;
			sourceTree = "<group>";
		};
		5B82EF3329F96D98009F8A08 /* Protocol */ = {
			isa = PBXGroup;
			children = (
				5B11518129FBD4F200130CB0 /* ReusableProtocol.swift */,
				5B16A1DF29FAA6F800211E3C /* ViewModelType.swift */,
			);
			path = Protocol;
			sourceTree = "<group>";
		};
		5B943FE22A007D22003FE7CD /* Enum */ = {
			isa = PBXGroup;
			children = (
				5B943FDE29FFF918003FE7CD /* AnalysisType.swift */,
				5B943FE32A007D7F003FE7CD /* ViewType.swift */,
				5BAB2C322A0204C8002DEBDC /* KevinCardSideType.swift */,
			);
			path = Enum;
			sourceTree = "<group>";
		};
		5BEA1CC229FF8C4C000AD570 /* Setting */ = {
			isa = PBXGroup;
			children = (
				5BEA1CCB29FF8C97000AD570 /* View */,
				5BEA1CD629FF92D0000AD570 /* ViewModel */,
			);
			path = Setting;
			sourceTree = "<group>";
		};
		5BEA1CC329FF8C53000AD570 /* View */ = {
			isa = PBXGroup;
			children = (
				5B943FDC29FFE537003FE7CD /* CalendarCell.swift */,
				5BEA1CB629FF8B9E000AD570 /* MainViewController.swift */,
			);
			path = View;
			sourceTree = "<group>";
		};
		5BEA1CC429FF8C57000AD570 /* ViewModel */ = {
			isa = PBXGroup;
			children = (
				5BEA1CB829FF8BAC000AD570 /* MainViewModel.swift */,
			);
			path = ViewModel;
			sourceTree = "<group>";
		};
		5BEA1CC529FF8C5B000AD570 /* ViewModel */ = {
			isa = PBXGroup;
			children = (
				5BEA1CC029FF8C01000AD570 /* WriteViewModel.swift */,
			);
			path = ViewModel;
			sourceTree = "<group>";
		};
		5BEA1CC629FF8C5E000AD570 /* View */ = {
			isa = PBXGroup;
			children = (
				5BEA1CBA29FF8BE2000AD570 /* WriteViewController.swift */,
			);
			path = View;
			sourceTree = "<group>";
		};
		5BEA1CC729FF8C61000AD570 /* ViewModel */ = {
			isa = PBXGroup;
			children = (
				5BEA1CBE29FF8BFA000AD570 /* AnalysisViewModel.swift */,
			);
			path = ViewModel;
			sourceTree = "<group>";
		};
		5BEA1CC829FF8C63000AD570 /* View */ = {
			isa = PBXGroup;
			children = (
				5BEA1CBC29FF8BF3000AD570 /* AnalysisViewController.swift */,
			);
			path = View;
			sourceTree = "<group>";
		};
		5BEA1CCB29FF8C97000AD570 /* View */ = {
			isa = PBXGroup;
			children = (
				5BEA1CC929FF8C94000AD570 /* SettingViewController.swift */,
			);
			path = View;
			sourceTree = "<group>";
		};
		5BEA1CCE29FF9020000AD570 /* Coordinator */ = {
			isa = PBXGroup;
			children = (
				5BEA1CD329FF91A9000AD570 /* Protocol */,
				5BEA1CD129FF90B4000AD570 /* AppCoordinator.swift */,
				5BEA1CD429FF9220000AD570 /* MainCoordinator.swift */,
				5BEA1CD929FF9347000AD570 /* SettingCoordinator.swift */,
			);
			path = Coordinator;
			sourceTree = "<group>";
		};
		5BEA1CD329FF91A9000AD570 /* Protocol */ = {
			isa = PBXGroup;
			children = (
				5BEA1CCC29FF9004000AD570 /* Coordinator.swift */,
				5BEA1CE729FFA117000AD570 /* CoordinatorFinishDelegate.swift */,
				5BEA1CCF29FF9075000AD570 /* AppCoordinatorProtocol.swift */,
				5BEA1CEA29FFA46D000AD570 /* MainCoordinatorProtocol.swift */,
				5BEA1CEC29FFA48C000AD570 /* SettingCoordinatorProtocol.swift */,
			);
			path = Protocol;
			sourceTree = "<group>";
		};
		5BEA1CD629FF92D0000AD570 /* ViewModel */ = {
			isa = PBXGroup;
			children = (
				5BEA1CD729FF92D8000AD570 /* SettingViewModel.swift */,
			);
			path = ViewModel;
			sourceTree = "<group>";
		};
		5BEA1CDF29FF9705000AD570 /* Detail */ = {
			isa = PBXGroup;
			children = (
				5BEA1CE329FF9721000AD570 /* View */,
				5BEA1CE029FF9710000AD570 /* ViewModel */,
			);
			path = Detail;
			sourceTree = "<group>";
		};
		5BEA1CE029FF9710000AD570 /* ViewModel */ = {
			isa = PBXGroup;
			children = (
				5BEA1CE129FF971D000AD570 /* DetailViewModel.swift */,
			);
			path = ViewModel;
			sourceTree = "<group>";
		};
		5BEA1CE329FF9721000AD570 /* View */ = {
			isa = PBXGroup;
			children = (
				5BEA1CE529FF972C000AD570 /* DetailViewController.swift */,
			);
			path = View;
			sourceTree = "<group>";
		};
/* End PBXGroup section */

/* Begin PBXNativeTarget section */
		5B82EEDE29F96A2E009F8A08 /* Kevin */ = {
			isa = PBXNativeTarget;
			buildConfigurationList = 5B82EF0929F96A32009F8A08 /* Build configuration list for PBXNativeTarget "Kevin" */;
			buildPhases = (
				5B82EEDB29F96A2E009F8A08 /* Sources */,
				5B82EEDC29F96A2E009F8A08 /* Frameworks */,
				5B82EEDD29F96A2E009F8A08 /* Resources */,
			);
			buildRules = (
			);
			dependencies = (
			);
			name = Kevin;
			packageProductDependencies = (
				5B82EF1629F96B8D009F8A08 /* RxCocoa */,
				5B82EF1829F96B8D009F8A08 /* RxSwift */,
				5B82EF1B29F96BB6009F8A08 /* FSCalendar */,
				5B82EF1E29F96BDB009F8A08 /* SnapKit */,
				5B82EF2129F96BFD009F8A08 /* Then */,
				5B1B5CD72A13C1060030D407 /* Moya */,
				5B1B5CD92A13C1060030D407 /* RxMoya */,
			);
			productName = Kevin;
			productReference = 5B82EEDF29F96A2E009F8A08 /* Kevin.app */;
			productType = "com.apple.product-type.application";
		};
		5B82EEF429F96A32009F8A08 /* KevinTests */ = {
			isa = PBXNativeTarget;
			buildConfigurationList = 5B82EF0C29F96A32009F8A08 /* Build configuration list for PBXNativeTarget "KevinTests" */;
			buildPhases = (
				5B82EEF129F96A32009F8A08 /* Sources */,
				5B82EEF229F96A32009F8A08 /* Frameworks */,
				5B82EEF329F96A32009F8A08 /* Resources */,
			);
			buildRules = (
			);
			dependencies = (
				5B82EEF729F96A32009F8A08 /* PBXTargetDependency */,
			);
			name = KevinTests;
			productName = KevinTests;
			productReference = 5B82EEF529F96A32009F8A08 /* KevinTests.xctest */;
			productType = "com.apple.product-type.bundle.unit-test";
		};
		5B82EEFE29F96A32009F8A08 /* KevinUITests */ = {
			isa = PBXNativeTarget;
			buildConfigurationList = 5B82EF0F29F96A32009F8A08 /* Build configuration list for PBXNativeTarget "KevinUITests" */;
			buildPhases = (
				5B82EEFB29F96A32009F8A08 /* Sources */,
				5B82EEFC29F96A32009F8A08 /* Frameworks */,
				5B82EEFD29F96A32009F8A08 /* Resources */,
			);
			buildRules = (
			);
			dependencies = (
				5B82EF0129F96A32009F8A08 /* PBXTargetDependency */,
			);
			name = KevinUITests;
			productName = KevinUITests;
			productReference = 5B82EEFF29F96A32009F8A08 /* KevinUITests.xctest */;
			productType = "com.apple.product-type.bundle.ui-testing";
		};
/* End PBXNativeTarget section */

/* Begin PBXProject section */
		5B82EED729F96A2E009F8A08 /* Project object */ = {
			isa = PBXProject;
			attributes = {
				BuildIndependentTargetsInParallel = 1;
				LastSwiftUpdateCheck = 1420;
				LastUpgradeCheck = 1420;
				TargetAttributes = {
					5B82EEDE29F96A2E009F8A08 = {
						CreatedOnToolsVersion = 14.2;
					};
					5B82EEF429F96A32009F8A08 = {
						CreatedOnToolsVersion = 14.2;
						TestTargetID = 5B82EEDE29F96A2E009F8A08;
					};
					5B82EEFE29F96A32009F8A08 = {
						CreatedOnToolsVersion = 14.2;
						TestTargetID = 5B82EEDE29F96A2E009F8A08;
					};
				};
			};
			buildConfigurationList = 5B82EEDA29F96A2E009F8A08 /* Build configuration list for PBXProject "Kevin" */;
			compatibilityVersion = "Xcode 14.0";
			developmentRegion = en;
			hasScannedForEncodings = 0;
			knownRegions = (
				en,
				Base,
			);
			mainGroup = 5B82EED629F96A2E009F8A08;
			packageReferences = (
				5B82EF1529F96B8D009F8A08 /* XCRemoteSwiftPackageReference "RxSwift" */,
				5B82EF1A29F96BB6009F8A08 /* XCRemoteSwiftPackageReference "FSCalendar" */,
				5B82EF1D29F96BDB009F8A08 /* XCRemoteSwiftPackageReference "SnapKit" */,
				5B82EF2029F96BFD009F8A08 /* XCRemoteSwiftPackageReference "Then" */,
				5B1B5CD62A13C1060030D407 /* XCRemoteSwiftPackageReference "Moya" */,
			);
			productRefGroup = 5B82EEE029F96A2E009F8A08 /* Products */;
			projectDirPath = "";
			projectRoot = "";
			targets = (
				5B82EEDE29F96A2E009F8A08 /* Kevin */,
				5B82EEF429F96A32009F8A08 /* KevinTests */,
				5B82EEFE29F96A32009F8A08 /* KevinUITests */,
			);
		};
/* End PBXProject section */

/* Begin PBXResourcesBuildPhase section */
		5B82EEDD29F96A2E009F8A08 /* Resources */ = {
			isa = PBXResourcesBuildPhase;
			buildActionMask = 2147483647;
			files = (
				5B82EEEF29F96A32009F8A08 /* LaunchScreen.storyboard in Resources */,
				5B82EEEC29F96A32009F8A08 /* Assets.xcassets in Resources */,
			);
			runOnlyForDeploymentPostprocessing = 0;
		};
		5B82EEF329F96A32009F8A08 /* Resources */ = {
			isa = PBXResourcesBuildPhase;
			buildActionMask = 2147483647;
			files = (
			);
			runOnlyForDeploymentPostprocessing = 0;
		};
		5B82EEFD29F96A32009F8A08 /* Resources */ = {
			isa = PBXResourcesBuildPhase;
			buildActionMask = 2147483647;
			files = (
			);
			runOnlyForDeploymentPostprocessing = 0;
		};
/* End PBXResourcesBuildPhase section */

/* Begin PBXSourcesBuildPhase section */
		5B82EEDB29F96A2E009F8A08 /* Sources */ = {
			isa = PBXSourcesBuildPhase;
			buildActionMask = 2147483647;
			files = (
				5B943FE42A007D7F003FE7CD /* ViewType.swift in Sources */,
				5BEA1CE229FF971D000AD570 /* DetailViewModel.swift in Sources */,
				5B11519B29FE3CB000130CB0 /* StringLiteral.swift in Sources */,
				5BEA1CBD29FF8BF3000AD570 /* AnalysisViewController.swift in Sources */,
				5BEA1CCD29FF9004000AD570 /* Coordinator.swift in Sources */,
				5BEA1CBF29FF8BFA000AD570 /* AnalysisViewModel.swift in Sources */,
				5BEA1CCA29FF8C94000AD570 /* SettingViewController.swift in Sources */,
				5B11519929FE3C5700130CB0 /* MatrixLiteral.swift in Sources */,
				5BEA1CD029FF9075000AD570 /* AppCoordinatorProtocol.swift in Sources */,
				5B1B5CE42A13E3F40030D407 /* ChatRequestDTO.swift in Sources */,
				5B943FE129FFFA0A003FE7CD /* KevinImageButton.swift in Sources */,
				5BEA1CEB29FFA46D000AD570 /* MainCoordinatorProtocol.swift in Sources */,
				5B11519F29FE3E0600130CB0 /* KevinCardView.swift in Sources */,
				5BEA1CED29FFA48C000AD570 /* SettingCoordinatorProtocol.swift in Sources */,
				5B943FDF29FFF918003FE7CD /* AnalysisType.swift in Sources */,
				5B11518729FBD67C00130CB0 /* CALayer+.swift in Sources */,
				5B11518429FBD54200130CB0 /* UIView+.swift in Sources */,
				5BAB2C332A0204C8002DEBDC /* KevinCardSideType.swift in Sources */,
				5B11518D29FBD75E00130CB0 /* UILabel+.swift in Sources */,
				5B82EEE329F96A2E009F8A08 /* AppDelegate.swift in Sources */,
				5BEA1CD529FF9220000AD570 /* MainCoordinator.swift in Sources */,
				5BEA1CD229FF90B4000AD570 /* AppCoordinator.swift in Sources */,
				5B1B5CE62A13E3F40030D407 /* NaverResponseDTO.swift in Sources */,
				5B11519729FE3B3B00130CB0 /* Image.swift in Sources */,
				5B11519D29FE3DF700130CB0 /* KevinButton.swift in Sources */,
				5B1B5CEE2A13E4200030D407 /* ChatAPI.swift in Sources */,
				5B16A1E029FAA6F800211E3C /* ViewModelType.swift in Sources */,
				5BEA1CF729FFC0DD000AD570 /* FSCalendar+Rx.swift in Sources */,
				5B1B5CDE2A13E3EA0030D407 /* APIEnvironment.swift in Sources */,
				5B1B5CE32A13E3F40030D407 /* ChatResponseDTO.swift in Sources */,
				5B11518229FBD4F300130CB0 /* ReusableProtocol.swift in Sources */,
				5B11518B29FBD71700130CB0 /* UIViewController+.swift in Sources */,
				5BEA1CBB29FF8BE2000AD570 /* WriteViewController.swift in Sources */,
				5B11519329FBD96B00130CB0 /* Font.swift in Sources */,
				5B943FE62A00F8B2003FE7CD /* UICollectionViewCell+.swift in Sources */,
				5BEA1CB729FF8B9E000AD570 /* MainViewController.swift in Sources */,
				5B1B5CEA2A13E4010030D407 /* ChatService.swift in Sources */,
				5BEA1CB929FF8BAC000AD570 /* MainViewModel.swift in Sources */,
				5BEA1CF529FFB8F8000AD570 /* KevinNavigationBar.swift in Sources */,
				5B1B5CF22A154F060030D407 /* ResultModel.swift in Sources */,
				5B1B5CEC2A13E4010030D407 /* NaverService.swift in Sources */,
				5BEA1CE829FFA117000AD570 /* CoordinatorFinishDelegate.swift in Sources */,
				5B1B5CE52A13E3F40030D407 /* NaverRequestDTO.swift in Sources */,
				5B11519129FBD86500130CB0 /* UIButton+.swift in Sources */,
				5BEA1CE629FF972C000AD570 /* DetailViewController.swift in Sources */,
				5B11519529FC285700130CB0 /* Color.swift in Sources */,
				5BEA1CD829FF92D8000AD570 /* SettingViewModel.swift in Sources */,
				5B11518929FBD6E400130CB0 /* NSObject+.swift in Sources */,
				5BEA1CC129FF8C01000AD570 /* WriteViewModel.swift in Sources */,
				5B11518F29FBD78500130CB0 /* UITextView+.swift in Sources */,
				5B1B5CDC2A13E3DF0030D407 /* APIKey.swift in Sources */,
				5BEA1CDA29FF9347000AD570 /* SettingCoordinator.swift in Sources */,
				5B943FDD29FFE537003FE7CD /* CalendarCell.swift in Sources */,
				5B1B5CF02A1418160030D407 /* DateFormatter+.swift in Sources */,
				5B1B5CEB2A13E4010030D407 /* NaverAPI.swift in Sources */,
				5B82EEE529F96A2E009F8A08 /* SceneDelegate.swift in Sources */,
				5B1B5C3C2A10C7610030D407 /* Rx+.swift in Sources */,
			);
			runOnlyForDeploymentPostprocessing = 0;
		};
		5B82EEF129F96A32009F8A08 /* Sources */ = {
			isa = PBXSourcesBuildPhase;
			buildActionMask = 2147483647;
			files = (
				5B82EEFA29F96A32009F8A08 /* KevinTests.swift in Sources */,
			);
			runOnlyForDeploymentPostprocessing = 0;
		};
		5B82EEFB29F96A32009F8A08 /* Sources */ = {
			isa = PBXSourcesBuildPhase;
			buildActionMask = 2147483647;
			files = (
				5B82EF0629F96A32009F8A08 /* KevinUITestsLaunchTests.swift in Sources */,
				5B82EF0429F96A32009F8A08 /* KevinUITests.swift in Sources */,
			);
			runOnlyForDeploymentPostprocessing = 0;
		};
/* End PBXSourcesBuildPhase section */

/* Begin PBXTargetDependency section */
		5B82EEF729F96A32009F8A08 /* PBXTargetDependency */ = {
			isa = PBXTargetDependency;
			target = 5B82EEDE29F96A2E009F8A08 /* Kevin */;
			targetProxy = 5B82EEF629F96A32009F8A08 /* PBXContainerItemProxy */;
		};
		5B82EF0129F96A32009F8A08 /* PBXTargetDependency */ = {
			isa = PBXTargetDependency;
			target = 5B82EEDE29F96A2E009F8A08 /* Kevin */;
			targetProxy = 5B82EF0029F96A32009F8A08 /* PBXContainerItemProxy */;
		};
/* End PBXTargetDependency section */

/* Begin PBXVariantGroup section */
		5B82EEED29F96A32009F8A08 /* LaunchScreen.storyboard */ = {
			isa = PBXVariantGroup;
			children = (
				5B82EEEE29F96A32009F8A08 /* Base */,
			);
			name = LaunchScreen.storyboard;
			sourceTree = "<group>";
		};
/* End PBXVariantGroup section */

/* Begin XCBuildConfiguration section */
		5B82EF0729F96A32009F8A08 /* Debug */ = {
			isa = XCBuildConfiguration;
			buildSettings = {
				ALWAYS_SEARCH_USER_PATHS = NO;
				CLANG_ANALYZER_NONNULL = YES;
				CLANG_ANALYZER_NUMBER_OBJECT_CONVERSION = YES_AGGRESSIVE;
				CLANG_CXX_LANGUAGE_STANDARD = "gnu++20";
				CLANG_ENABLE_MODULES = YES;
				CLANG_ENABLE_OBJC_ARC = YES;
				CLANG_ENABLE_OBJC_WEAK = YES;
				CLANG_WARN_BLOCK_CAPTURE_AUTORELEASING = YES;
				CLANG_WARN_BOOL_CONVERSION = YES;
				CLANG_WARN_COMMA = YES;
				CLANG_WARN_CONSTANT_CONVERSION = YES;
				CLANG_WARN_DEPRECATED_OBJC_IMPLEMENTATIONS = YES;
				CLANG_WARN_DIRECT_OBJC_ISA_USAGE = YES_ERROR;
				CLANG_WARN_DOCUMENTATION_COMMENTS = YES;
				CLANG_WARN_EMPTY_BODY = YES;
				CLANG_WARN_ENUM_CONVERSION = YES;
				CLANG_WARN_INFINITE_RECURSION = YES;
				CLANG_WARN_INT_CONVERSION = YES;
				CLANG_WARN_NON_LITERAL_NULL_CONVERSION = YES;
				CLANG_WARN_OBJC_IMPLICIT_RETAIN_SELF = YES;
				CLANG_WARN_OBJC_LITERAL_CONVERSION = YES;
				CLANG_WARN_OBJC_ROOT_CLASS = YES_ERROR;
				CLANG_WARN_QUOTED_INCLUDE_IN_FRAMEWORK_HEADER = YES;
				CLANG_WARN_RANGE_LOOP_ANALYSIS = YES;
				CLANG_WARN_STRICT_PROTOTYPES = YES;
				CLANG_WARN_SUSPICIOUS_MOVE = YES;
				CLANG_WARN_UNGUARDED_AVAILABILITY = YES_AGGRESSIVE;
				CLANG_WARN_UNREACHABLE_CODE = YES;
				CLANG_WARN__DUPLICATE_METHOD_MATCH = YES;
				COPY_PHASE_STRIP = NO;
				DEBUG_INFORMATION_FORMAT = dwarf;
				ENABLE_STRICT_OBJC_MSGSEND = YES;
				ENABLE_TESTABILITY = YES;
				GCC_C_LANGUAGE_STANDARD = gnu11;
				GCC_DYNAMIC_NO_PIC = NO;
				GCC_NO_COMMON_BLOCKS = YES;
				GCC_OPTIMIZATION_LEVEL = 0;
				GCC_PREPROCESSOR_DEFINITIONS = (
					"DEBUG=1",
					"$(inherited)",
				);
				GCC_WARN_64_TO_32_BIT_CONVERSION = YES;
				GCC_WARN_ABOUT_RETURN_TYPE = YES_ERROR;
				GCC_WARN_UNDECLARED_SELECTOR = YES;
				GCC_WARN_UNINITIALIZED_AUTOS = YES_AGGRESSIVE;
				GCC_WARN_UNUSED_FUNCTION = YES;
				GCC_WARN_UNUSED_VARIABLE = YES;
				IPHONEOS_DEPLOYMENT_TARGET = 16.2;
				MTL_ENABLE_DEBUG_INFO = INCLUDE_SOURCE;
				MTL_FAST_MATH = YES;
				ONLY_ACTIVE_ARCH = YES;
				SDKROOT = iphoneos;
				SWIFT_ACTIVE_COMPILATION_CONDITIONS = DEBUG;
				SWIFT_OPTIMIZATION_LEVEL = "-Onone";
			};
			name = Debug;
		};
		5B82EF0829F96A32009F8A08 /* Release */ = {
			isa = XCBuildConfiguration;
			buildSettings = {
				ALWAYS_SEARCH_USER_PATHS = NO;
				CLANG_ANALYZER_NONNULL = YES;
				CLANG_ANALYZER_NUMBER_OBJECT_CONVERSION = YES_AGGRESSIVE;
				CLANG_CXX_LANGUAGE_STANDARD = "gnu++20";
				CLANG_ENABLE_MODULES = YES;
				CLANG_ENABLE_OBJC_ARC = YES;
				CLANG_ENABLE_OBJC_WEAK = YES;
				CLANG_WARN_BLOCK_CAPTURE_AUTORELEASING = YES;
				CLANG_WARN_BOOL_CONVERSION = YES;
				CLANG_WARN_COMMA = YES;
				CLANG_WARN_CONSTANT_CONVERSION = YES;
				CLANG_WARN_DEPRECATED_OBJC_IMPLEMENTATIONS = YES;
				CLANG_WARN_DIRECT_OBJC_ISA_USAGE = YES_ERROR;
				CLANG_WARN_DOCUMENTATION_COMMENTS = YES;
				CLANG_WARN_EMPTY_BODY = YES;
				CLANG_WARN_ENUM_CONVERSION = YES;
				CLANG_WARN_INFINITE_RECURSION = YES;
				CLANG_WARN_INT_CONVERSION = YES;
				CLANG_WARN_NON_LITERAL_NULL_CONVERSION = YES;
				CLANG_WARN_OBJC_IMPLICIT_RETAIN_SELF = YES;
				CLANG_WARN_OBJC_LITERAL_CONVERSION = YES;
				CLANG_WARN_OBJC_ROOT_CLASS = YES_ERROR;
				CLANG_WARN_QUOTED_INCLUDE_IN_FRAMEWORK_HEADER = YES;
				CLANG_WARN_RANGE_LOOP_ANALYSIS = YES;
				CLANG_WARN_STRICT_PROTOTYPES = YES;
				CLANG_WARN_SUSPICIOUS_MOVE = YES;
				CLANG_WARN_UNGUARDED_AVAILABILITY = YES_AGGRESSIVE;
				CLANG_WARN_UNREACHABLE_CODE = YES;
				CLANG_WARN__DUPLICATE_METHOD_MATCH = YES;
				COPY_PHASE_STRIP = NO;
				DEBUG_INFORMATION_FORMAT = "dwarf-with-dsym";
				ENABLE_NS_ASSERTIONS = NO;
				ENABLE_STRICT_OBJC_MSGSEND = YES;
				GCC_C_LANGUAGE_STANDARD = gnu11;
				GCC_NO_COMMON_BLOCKS = YES;
				GCC_WARN_64_TO_32_BIT_CONVERSION = YES;
				GCC_WARN_ABOUT_RETURN_TYPE = YES_ERROR;
				GCC_WARN_UNDECLARED_SELECTOR = YES;
				GCC_WARN_UNINITIALIZED_AUTOS = YES_AGGRESSIVE;
				GCC_WARN_UNUSED_FUNCTION = YES;
				GCC_WARN_UNUSED_VARIABLE = YES;
				IPHONEOS_DEPLOYMENT_TARGET = 16.2;
				MTL_ENABLE_DEBUG_INFO = NO;
				MTL_FAST_MATH = YES;
				SDKROOT = iphoneos;
				SWIFT_COMPILATION_MODE = wholemodule;
				SWIFT_OPTIMIZATION_LEVEL = "-O";
				VALIDATE_PRODUCT = YES;
			};
			name = Release;
		};
		5B82EF0A29F96A32009F8A08 /* Debug */ = {
			isa = XCBuildConfiguration;
			buildSettings = {
				ASSETCATALOG_COMPILER_APPICON_NAME = AppIcon;
				ASSETCATALOG_COMPILER_GLOBAL_ACCENT_COLOR_NAME = AccentColor;
				CODE_SIGN_STYLE = Automatic;
				CURRENT_PROJECT_VERSION = 1;
				DEVELOPMENT_TEAM = 5GQ6QL9S3X;
				GENERATE_INFOPLIST_FILE = YES;
				INFOPLIST_FILE = Kevin/Application/Info.plist;
				INFOPLIST_KEY_CFBundleDisplayName = "케빈";
				INFOPLIST_KEY_LSApplicationCategoryType = "public.app-category.lifestyle";
				INFOPLIST_KEY_UIApplicationSupportsIndirectInputEvents = YES;
				INFOPLIST_KEY_UILaunchStoryboardName = LaunchScreen;
				INFOPLIST_KEY_UISupportedInterfaceOrientations = UIInterfaceOrientationPortrait;
				IPHONEOS_DEPLOYMENT_TARGET = 15.0;
				LD_RUNPATH_SEARCH_PATHS = (
					"$(inherited)",
					"@executable_path/Frameworks",
				);
				MARKETING_VERSION = 1.0;
				PRODUCT_BUNDLE_IDENTIFIER = com.ruheekim.Kevin;
				PRODUCT_NAME = "$(TARGET_NAME)";
				SWIFT_EMIT_LOC_STRINGS = YES;
				SWIFT_VERSION = 5.0;
				TARGETED_DEVICE_FAMILY = "1,2";
			};
			name = Debug;
		};
		5B82EF0B29F96A32009F8A08 /* Release */ = {
			isa = XCBuildConfiguration;
			buildSettings = {
				ASSETCATALOG_COMPILER_APPICON_NAME = AppIcon;
				ASSETCATALOG_COMPILER_GLOBAL_ACCENT_COLOR_NAME = AccentColor;
				CODE_SIGN_STYLE = Automatic;
				CURRENT_PROJECT_VERSION = 1;
				DEVELOPMENT_TEAM = 5GQ6QL9S3X;
				GENERATE_INFOPLIST_FILE = YES;
				INFOPLIST_FILE = Kevin/Application/Info.plist;
				INFOPLIST_KEY_CFBundleDisplayName = "케빈";
				INFOPLIST_KEY_LSApplicationCategoryType = "public.app-category.lifestyle";
				INFOPLIST_KEY_UIApplicationSupportsIndirectInputEvents = YES;
				INFOPLIST_KEY_UILaunchStoryboardName = LaunchScreen;
				INFOPLIST_KEY_UISupportedInterfaceOrientations = UIInterfaceOrientationPortrait;
				IPHONEOS_DEPLOYMENT_TARGET = 15.0;
				LD_RUNPATH_SEARCH_PATHS = (
					"$(inherited)",
					"@executable_path/Frameworks",
				);
				MARKETING_VERSION = 1.0;
				PRODUCT_BUNDLE_IDENTIFIER = com.ruheekim.Kevin;
				PRODUCT_NAME = "$(TARGET_NAME)";
				SWIFT_EMIT_LOC_STRINGS = YES;
				SWIFT_VERSION = 5.0;
				TARGETED_DEVICE_FAMILY = "1,2";
			};
			name = Release;
		};
		5B82EF0D29F96A32009F8A08 /* Debug */ = {
			isa = XCBuildConfiguration;
			buildSettings = {
				ALWAYS_EMBED_SWIFT_STANDARD_LIBRARIES = YES;
				BUNDLE_LOADER = "$(TEST_HOST)";
				CODE_SIGN_STYLE = Automatic;
				CURRENT_PROJECT_VERSION = 1;
				DEVELOPMENT_TEAM = 5GQ6QL9S3X;
				GENERATE_INFOPLIST_FILE = YES;
				IPHONEOS_DEPLOYMENT_TARGET = 16.2;
				MARKETING_VERSION = 1.0;
				PRODUCT_BUNDLE_IDENTIFIER = com.ruheekim.KevinTests;
				PRODUCT_NAME = "$(TARGET_NAME)";
				SWIFT_EMIT_LOC_STRINGS = NO;
				SWIFT_VERSION = 5.0;
				TARGETED_DEVICE_FAMILY = "1,2";
				TEST_HOST = "$(BUILT_PRODUCTS_DIR)/Kevin.app/$(BUNDLE_EXECUTABLE_FOLDER_PATH)/Kevin";
			};
			name = Debug;
		};
		5B82EF0E29F96A32009F8A08 /* Release */ = {
			isa = XCBuildConfiguration;
			buildSettings = {
				ALWAYS_EMBED_SWIFT_STANDARD_LIBRARIES = YES;
				BUNDLE_LOADER = "$(TEST_HOST)";
				CODE_SIGN_STYLE = Automatic;
				CURRENT_PROJECT_VERSION = 1;
				DEVELOPMENT_TEAM = 5GQ6QL9S3X;
				GENERATE_INFOPLIST_FILE = YES;
				IPHONEOS_DEPLOYMENT_TARGET = 16.2;
				MARKETING_VERSION = 1.0;
				PRODUCT_BUNDLE_IDENTIFIER = com.ruheekim.KevinTests;
				PRODUCT_NAME = "$(TARGET_NAME)";
				SWIFT_EMIT_LOC_STRINGS = NO;
				SWIFT_VERSION = 5.0;
				TARGETED_DEVICE_FAMILY = "1,2";
				TEST_HOST = "$(BUILT_PRODUCTS_DIR)/Kevin.app/$(BUNDLE_EXECUTABLE_FOLDER_PATH)/Kevin";
			};
			name = Release;
		};
		5B82EF1029F96A32009F8A08 /* Debug */ = {
			isa = XCBuildConfiguration;
			buildSettings = {
				ALWAYS_EMBED_SWIFT_STANDARD_LIBRARIES = YES;
				CODE_SIGN_STYLE = Automatic;
				CURRENT_PROJECT_VERSION = 1;
				DEVELOPMENT_TEAM = 5GQ6QL9S3X;
				GENERATE_INFOPLIST_FILE = YES;
				MARKETING_VERSION = 1.0;
				PRODUCT_BUNDLE_IDENTIFIER = com.ruheekim.KevinUITests;
				PRODUCT_NAME = "$(TARGET_NAME)";
				SWIFT_EMIT_LOC_STRINGS = NO;
				SWIFT_VERSION = 5.0;
				TARGETED_DEVICE_FAMILY = "1,2";
				TEST_TARGET_NAME = Kevin;
			};
			name = Debug;
		};
		5B82EF1129F96A32009F8A08 /* Release */ = {
			isa = XCBuildConfiguration;
			buildSettings = {
				ALWAYS_EMBED_SWIFT_STANDARD_LIBRARIES = YES;
				CODE_SIGN_STYLE = Automatic;
				CURRENT_PROJECT_VERSION = 1;
				DEVELOPMENT_TEAM = 5GQ6QL9S3X;
				GENERATE_INFOPLIST_FILE = YES;
				MARKETING_VERSION = 1.0;
				PRODUCT_BUNDLE_IDENTIFIER = com.ruheekim.KevinUITests;
				PRODUCT_NAME = "$(TARGET_NAME)";
				SWIFT_EMIT_LOC_STRINGS = NO;
				SWIFT_VERSION = 5.0;
				TARGETED_DEVICE_FAMILY = "1,2";
				TEST_TARGET_NAME = Kevin;
			};
			name = Release;
		};
/* End XCBuildConfiguration section */

/* Begin XCConfigurationList section */
		5B82EEDA29F96A2E009F8A08 /* Build configuration list for PBXProject "Kevin" */ = {
			isa = XCConfigurationList;
			buildConfigurations = (
				5B82EF0729F96A32009F8A08 /* Debug */,
				5B82EF0829F96A32009F8A08 /* Release */,
			);
			defaultConfigurationIsVisible = 0;
			defaultConfigurationName = Release;
		};
		5B82EF0929F96A32009F8A08 /* Build configuration list for PBXNativeTarget "Kevin" */ = {
			isa = XCConfigurationList;
			buildConfigurations = (
				5B82EF0A29F96A32009F8A08 /* Debug */,
				5B82EF0B29F96A32009F8A08 /* Release */,
			);
			defaultConfigurationIsVisible = 0;
			defaultConfigurationName = Release;
		};
		5B82EF0C29F96A32009F8A08 /* Build configuration list for PBXNativeTarget "KevinTests" */ = {
			isa = XCConfigurationList;
			buildConfigurations = (
				5B82EF0D29F96A32009F8A08 /* Debug */,
				5B82EF0E29F96A32009F8A08 /* Release */,
			);
			defaultConfigurationIsVisible = 0;
			defaultConfigurationName = Release;
		};
		5B82EF0F29F96A32009F8A08 /* Build configuration list for PBXNativeTarget "KevinUITests" */ = {
			isa = XCConfigurationList;
			buildConfigurations = (
				5B82EF1029F96A32009F8A08 /* Debug */,
				5B82EF1129F96A32009F8A08 /* Release */,
			);
			defaultConfigurationIsVisible = 0;
			defaultConfigurationName = Release;
		};
/* End XCConfigurationList section */

/* Begin XCRemoteSwiftPackageReference section */
		5B1B5CD62A13C1060030D407 /* XCRemoteSwiftPackageReference "Moya" */ = {
			isa = XCRemoteSwiftPackageReference;
			repositoryURL = "https://github.com/Moya/Moya.git";
			requirement = {
				kind = upToNextMajorVersion;
				minimumVersion = 15.0.3;
			};
		};
		5B82EF1529F96B8D009F8A08 /* XCRemoteSwiftPackageReference "RxSwift" */ = {
			isa = XCRemoteSwiftPackageReference;
			repositoryURL = "https://github.com/ReactiveX/RxSwift.git";
			requirement = {
				kind = upToNextMajorVersion;
				minimumVersion = 6.5.0;
			};
		};
		5B82EF1A29F96BB6009F8A08 /* XCRemoteSwiftPackageReference "FSCalendar" */ = {
			isa = XCRemoteSwiftPackageReference;
			repositoryURL = "https://github.com/WenchaoD/FSCalendar.git";
			requirement = {
				kind = upToNextMajorVersion;
				minimumVersion = 2.8.3;
			};
		};
		5B82EF1D29F96BDB009F8A08 /* XCRemoteSwiftPackageReference "SnapKit" */ = {
			isa = XCRemoteSwiftPackageReference;
			repositoryURL = "https://github.com/SnapKit/SnapKit.git";
			requirement = {
				kind = upToNextMajorVersion;
				minimumVersion = 5.6.0;
			};
		};
		5B82EF2029F96BFD009F8A08 /* XCRemoteSwiftPackageReference "Then" */ = {
			isa = XCRemoteSwiftPackageReference;
			repositoryURL = "https://github.com/devxoul/Then";
			requirement = {
				kind = upToNextMajorVersion;
				minimumVersion = 2.0.0;
			};
		};
/* End XCRemoteSwiftPackageReference section */

/* Begin XCSwiftPackageProductDependency section */
		5B1B5CD72A13C1060030D407 /* Moya */ = {
			isa = XCSwiftPackageProductDependency;
			package = 5B1B5CD62A13C1060030D407 /* XCRemoteSwiftPackageReference "Moya" */;
			productName = Moya;
		};
		5B1B5CD92A13C1060030D407 /* RxMoya */ = {
			isa = XCSwiftPackageProductDependency;
			package = 5B1B5CD62A13C1060030D407 /* XCRemoteSwiftPackageReference "Moya" */;
			productName = RxMoya;
		};
		5B82EF1629F96B8D009F8A08 /* RxCocoa */ = {
			isa = XCSwiftPackageProductDependency;
			package = 5B82EF1529F96B8D009F8A08 /* XCRemoteSwiftPackageReference "RxSwift" */;
			productName = RxCocoa;
		};
		5B82EF1829F96B8D009F8A08 /* RxSwift */ = {
			isa = XCSwiftPackageProductDependency;
			package = 5B82EF1529F96B8D009F8A08 /* XCRemoteSwiftPackageReference "RxSwift" */;
			productName = RxSwift;
		};
		5B82EF1B29F96BB6009F8A08 /* FSCalendar */ = {
			isa = XCSwiftPackageProductDependency;
			package = 5B82EF1A29F96BB6009F8A08 /* XCRemoteSwiftPackageReference "FSCalendar" */;
			productName = FSCalendar;
		};
		5B82EF1E29F96BDB009F8A08 /* SnapKit */ = {
			isa = XCSwiftPackageProductDependency;
			package = 5B82EF1D29F96BDB009F8A08 /* XCRemoteSwiftPackageReference "SnapKit" */;
			productName = SnapKit;
		};
		5B82EF2129F96BFD009F8A08 /* Then */ = {
			isa = XCSwiftPackageProductDependency;
			package = 5B82EF2029F96BFD009F8A08 /* XCRemoteSwiftPackageReference "Then" */;
			productName = Then;
		};
/* End XCSwiftPackageProductDependency section */
	};
	rootObject = 5B82EED729F96A2E009F8A08 /* Project object */;
}
